
Microsoft Visual Studio Solution File, Format Version 12.00
# Visual Studio Version 17
VisualStudioVersion = 17.6.33829.357
MinimumVisualStudioVersion = 10.0.40219.1
Project("{FAE04EC0-301F-11D3-BF4B-00C04F79EFBC}") = "ResimListeleme", "ResimListeleme\ResimListeleme.csproj", "{10134EFC-7BC3-4B27-A07D-AF17FD76375D}"
EndProject
Global
	GlobalSection(SolutionConfigurationPlatforms) = preSolution
		Debug|Any CPU = Debug|Any CPU
		Release|Any CPU = Release|Any CPU
	EndGlobalSection
	GlobalSection(ProjectConfigurationPlatforms) = postSolution
		{10134EFC-7BC3-4B27-A07D-AF17FD76375D}.Debug|Any CPU.ActiveCfg = Debug|Any CPU
		{10134EFC-7BC3-4B27-A07D-AF17FD76375D}.Debug|Any CPU.Build.0 = Debug|Any CPU
		{10134EFC-7BC3-4B27-A07D-AF17FD76375D}.Release|Any CPU.ActiveCfg = Release|Any CPU
		{10134EFC-7BC3-4B27-A07D-AF17FD76375D}.Release|Any CPU.Build.0 = Release|Any CPU
	EndGlobalSection
	GlobalSection(SolutionProperties) = preSolution
		HideSolutionNode = FALSE
	EndGlobalSection
	GlobalSection(ExtensibilityGlobals) = postSolution
		SolutionGuid = {4B0F1641-C54E-496D-8CBB-870D1273F19B}
	EndGlobalSection
EndGlobal
